
Microsoft Visual Studio Solution File, Format Version 12.00
# Visual Studio Version 16
VisualStudioVersion = 16.0.30804.86
MinimumVisualStudioVersion = 10.0.40219.1
Project("{8BC9CEB8-8B4A-11D0-8D11-00A0C91BC942}") = "PoisonousPlants", "PoisonousPlants\PoisonousPlants.vcxproj", "{4974ABEA-4F60-4282-B6F8-AD6895288738}"
EndProject
Project("{8BC9CEB8-8B4A-11D0-8D11-00A0C91BC942}") = "PoisonousPlantsTests", "PoisonousPlantsTests\PoisonousPlantsTests.vcxproj", "{A9B9C370-822C-482D-BF3B-9F154C18B785}"
EndProject
Global
	GlobalSection(SolutionConfigurationPlatforms) = preSolution
		Debug|x64 = Debug|x64
		Debug|x86 = Debug|x86
		Release|x64 = Release|x64
		Release|x86 = Release|x86
	EndGlobalSection
	GlobalSection(ProjectConfigurationPlatforms) = postSolution
		{4974ABEA-4F60-4282-B6F8-AD6895288738}.Debug|x64.ActiveCfg = Debug|x64
		{4974ABEA-4F60-4282-B6F8-AD6895288738}.Debug|x64.Build.0 = Debug|x64
		{4974ABEA-4F60-4282-B6F8-AD6895288738}.Debug|x86.ActiveCfg = Debug|Win32
		{4974ABEA-4F60-4282-B6F8-AD6895288738}.Debug|x86.Build.0 = Debug|Win32
		{4974ABEA-4F60-4282-B6F8-AD6895288738}.Release|x64.ActiveCfg = Release|x64
		{4974ABEA-4F60-4282-B6F8-AD6895288738}.Release|x64.Build.0 = Release|x64
		{4974ABEA-4F60-4282-B6F8-AD6895288738}.Release|x86.ActiveCfg = Release|Win32
		{4974ABEA-4F60-4282-B6F8-AD6895288738}.Release|x86.Build.0 = Release|Win32
		{A9B9C370-822C-482D-BF3B-9F154C18B785}.Debug|x64.ActiveCfg = Debug|x64
		{A9B9C370-822C-482D-BF3B-9F154C18B785}.Debug|x64.Build.0 = Debug|x64
		{A9B9C370-822C-482D-BF3B-9F154C18B785}.Debug|x86.ActiveCfg = Debug|Win32
		{A9B9C370-822C-482D-BF3B-9F154C18B785}.Debug|x86.Build.0 = Debug|Win32
		{A9B9C370-822C-482D-BF3B-9F154C18B785}.Release|x64.ActiveCfg = Release|x64
		{A9B9C370-822C-482D-BF3B-9F154C18B785}.Release|x64.Build.0 = Release|x64
		{A9B9C370-822C-482D-BF3B-9F154C18B785}.Release|x86.ActiveCfg = Release|Win32
		{A9B9C370-822C-482D-BF3B-9F154C18B785}.Release|x86.Build.0 = Release|Win32
	EndGlobalSection
	GlobalSection(SolutionProperties) = preSolution
		HideSolutionNode = FALSE
	EndGlobalSection
	GlobalSection(ExtensibilityGlobals) = postSolution
		SolutionGuid = {00D59359-A872-424E-BEEE-10E68248345E}
	EndGlobalSection
EndGlobal
